<?xml version="1.0" encoding="utf-8"?>
<Project ToolsVersion="4.0" xmlns="http://schemas.microsoft.com/developer/msbuild/2003">
  <ItemGroup>
    <Filter Include="소스 파일">
      <UniqueIdentifier>{4FC737F1-C7A5-4376-A066-2A32D752A2FF}</UniqueIdentifier>
      <Extensions>cpp;c;cc;cxx;def;odl;idl;hpj;bat;asm;asmx</Extensions>
    </Filter>
    <Filter Include="헤더 파일">
      <UniqueIdentifier>{93995380-89BD-4b04-88EB-625FBE52EBFB}</UniqueIdentifier>
      <Extensions>h;hh;hpp;hxx;hm;inl;inc;ipp;xsd</Extensions>
    </Filter>
    <Filter Include="리소스 파일">
      <UniqueIdentifier>{67DA6AB6-F800-4c08-8B7A-83BB121AAD01}</UniqueIdentifier>
      <Extensions>rc;ico;cur;bmp;dlg;rc2;rct;bin;rgs;gif;jpg;jpeg;jpe;resx;tiff;tif;png;wav;mfcribbon-ms</Extensions>
    </Filter>
    <Filter Include="헤더 파일\Recast">
      <UniqueIdentifier>{9072e361-0096-4246-a90d-e99e7c8cce17}</UniqueIdentifier>
    </Filter>
    <Filter Include="소스 파일\Recast">
      <UniqueIdentifier>{4829a70e-3ac3-444e-a25e-7a85a731a8bd}</UniqueIdentifier>
    </Filter>
    <Filter Include="헤더 파일\Mesh">
      <UniqueIdentifier>{4cc8b467-f60e-4fd9-9579-8280b030e84f}</UniqueIdentifier>
    </Filter>
    <Filter Include="소스 파일\Mesh">
      <UniqueIdentifier>{bcc9d1d2-52c8-41c6-81b0-3b3dbafa90eb}</UniqueIdentifier>
    </Filter>
  </ItemGroup>
  <ItemGroup>
    <ClCompile Include="main.cpp">
      <Filter>소스 파일</Filter>
    </ClCompile>
    <ClCompile Include="Recast.cpp">
      <Filter>소스 파일\Recast</Filter>
    </ClCompile>
    <ClCompile Include="RecastAlloc.cpp">
      <Filter>소스 파일\Recast</Filter>
    </ClCompile>
    <ClCompile Include="RecastArea.cpp">
      <Filter>소스 파일\Recast</Filter>
    </ClCompile>
    <ClCompile Include="RecastContour.cpp">
      <Filter>소스 파일\Recast</Filter>
    </ClCompile>
    <ClCompile Include="RecastFilter.cpp">
      <Filter>소스 파일\Recast</Filter>
    </ClCompile>
    <ClCompile Include="RecastLayers.cpp">
      <Filter>소스 파일\Recast</Filter>
    </ClCompile>
    <ClCompile Include="RecastMesh.cpp">
      <Filter>소스 파일\Recast</Filter>
    </ClCompile>
    <ClCompile Include="RecastMeshDetail.cpp">
      <Filter>소스 파일\Recast</Filter>
    </ClCompile>
    <ClCompile Include="RecastRasterization.cpp">
      <Filter>소스 파일\Recast</Filter>
    </ClCompile>
    <ClCompile Include="RecastRegion.cpp">
      <Filter>소스 파일\Recast</Filter>
    </ClCompile>
    <ClCompile Include="MeshLoaderObj.cpp">
      <Filter>소스 파일\Recast</Filter>
    </ClCompile>
    <ClCompile Include="InputGeom.cpp">
      <Filter>소스 파일\Recast</Filter>
    </ClCompile>
    <ClCompile Include="ChunkyTriMesh.cpp">
      <Filter>소스 파일\Recast</Filter>
    </ClCompile>
    <ClCompile Include="RecastDebugDraw.cpp">
      <Filter>소스 파일\Recast</Filter>
    </ClCompile>
    <ClCompile Include="DebugDraw.cpp">
      <Filter>소스 파일\Recast</Filter>
    </ClCompile>
    <ClCompile Include="Sample.cpp">
      <Filter>소스 파일\Mesh</Filter>
    </ClCompile>
    <ClCompile Include="Sample_SoloMesh.cpp">
      <Filter>소스 파일\Mesh</Filter>
    </ClCompile>
    <ClCompile Include="NavMeshTesterTool.cpp">
      <Filter>소스 파일\Mesh</Filter>
    </ClCompile>
  </ItemGroup>
  <ItemGroup>
    <ClInclude Include="Recast.h">
      <Filter>헤더 파일\Recast</Filter>
    </ClInclude>
    <ClInclude Include="RecastAlloc.h">
      <Filter>헤더 파일\Recast</Filter>
    </ClInclude>
    <ClInclude Include="RecastAssert.h">
      <Filter>헤더 파일\Recast</Filter>
    </ClInclude>
    <ClInclude Include="MeshLoaderObj.h">
      <Filter>헤더 파일\Recast</Filter>
    </ClInclude>
    <ClInclude Include="InputGeom.h">
      <Filter>헤더 파일\Recast</Filter>
    </ClInclude>
    <ClInclude Include="ChunkyTriMesh.h">
      <Filter>헤더 파일\Recast</Filter>
    </ClInclude>
    <ClInclude Include="DebugDraw.h">
      <Filter>헤더 파일\Recast</Filter>
    </ClInclude>
    <ClInclude Include="RecastDebugDraw.h">
      <Filter>헤더 파일\Recast</Filter>
    </ClInclude>
    <ClInclude Include="Sample.h">
      <Filter>헤더 파일\Mesh</Filter>
    </ClInclude>
    <ClInclude Include="Sample_SoloMesh.h">
      <Filter>헤더 파일\Mesh</Filter>
    </ClInclude>
    <ClInclude Include="NavMeshTesterTool.h">
      <Filter>헤더 파일\Mesh</Filter>
    </ClInclude>
  </ItemGroup>
</Project>